
Microsoft Visual Studio Solution File, Format Version 12.00
# Visual Studio Version 16
VisualStudioVersion = 16.0.31624.102
MinimumVisualStudioVersion = 10.0.40219.1
Project("{9A19103F-16F7-4668-BE54-9A1E7A4F7556}") = "RazorPagesTestSample", "src\RazorPagesTestSample\RazorPagesTestSample.csproj", "{AF67249D-C0E7-4BC6-8E2F-C29512A8604D}"
EndProject
Project("{9A19103F-16F7-4668-BE54-9A1E7A4F7556}") = "RazorPagesTestSample.Tests", "tests\RazorPagesTestSample.Tests\RazorPagesTestSample.Tests.csproj", "{ADD8CE1C-754C-4D3C-AFA5-9F2F18E952CC}"
EndProject
Project("{FAE04EC0-301F-11D3-BF4B-00C04F79EFBC}") = "Modulos", "src\Modulos\Modulos.csproj", "{3432BA8B-EF0B-400B-91CF-60AFFE176F5B}"
EndProject
Global
	GlobalSection(SolutionConfigurationPlatforms) = preSolution
		Debug|Any CPU = Debug|Any CPU
		Release|Any CPU = Release|Any CPU
	EndGlobalSection
	GlobalSection(ProjectConfigurationPlatforms) = postSolution
		{AF67249D-C0E7-4BC6-8E2F-C29512A8604D}.Debug|Any CPU.ActiveCfg = Debug|Any CPU
		{AF67249D-C0E7-4BC6-8E2F-C29512A8604D}.Debug|Any CPU.Build.0 = Debug|Any CPU
		{AF67249D-C0E7-4BC6-8E2F-C29512A8604D}.Release|Any CPU.ActiveCfg = Release|Any CPU
		{AF67249D-C0E7-4BC6-8E2F-C29512A8604D}.Release|Any CPU.Build.0 = Release|Any CPU
		{ADD8CE1C-754C-4D3C-AFA5-9F2F18E952CC}.Debug|Any CPU.ActiveCfg = Debug|Any CPU
		{ADD8CE1C-754C-4D3C-AFA5-9F2F18E952CC}.Debug|Any CPU.Build.0 = Debug|Any CPU
		{ADD8CE1C-754C-4D3C-AFA5-9F2F18E952CC}.Release|Any CPU.ActiveCfg = Release|Any CPU
		{ADD8CE1C-754C-4D3C-AFA5-9F2F18E952CC}.Release|Any CPU.Build.0 = Release|Any CPU
		{3432BA8B-EF0B-400B-91CF-60AFFE176F5B}.Debug|Any CPU.ActiveCfg = Debug|Any CPU
		{3432BA8B-EF0B-400B-91CF-60AFFE176F5B}.Debug|Any CPU.Build.0 = Debug|Any CPU
		{3432BA8B-EF0B-400B-91CF-60AFFE176F5B}.Release|Any CPU.ActiveCfg = Release|Any CPU
		{3432BA8B-EF0B-400B-91CF-60AFFE176F5B}.Release|Any CPU.Build.0 = Release|Any CPU
	EndGlobalSection
	GlobalSection(SolutionProperties) = preSolution
		HideSolutionNode = FALSE
	EndGlobalSection
	GlobalSection(ExtensibilityGlobals) = postSolution
		SolutionGuid = {1FD19C79-9718-45E4-8274-475CF6E5518A}
	EndGlobalSection
EndGlobal
